
Microsoft Visual Studio Solution File, Format Version 12.00
# Visual Studio 15
VisualStudioVersion = 15.0.33801.198
MinimumVisualStudioVersion = 10.0.40219.1
Project("{FAE04EC0-301F-11D3-BF4B-00C04F79EFBC}") = "ConsoleApp1", "ConsoleApp1\ConsoleApp1.csproj", "{ECAB906B-C983-48EF-8512-47CF1980F927}"
EndProject
Global
	GlobalSection(SolutionConfigurationPlatforms) = preSolution
		Debug|Any CPU = Debug|Any CPU
		Release|Any CPU = Release|Any CPU
	EndGlobalSection
	GlobalSection(ProjectConfigurationPlatforms) = postSolution
		{ECAB906B-C983-48EF-8512-47CF1980F927}.Debug|Any CPU.ActiveCfg = Debug|Any CPU
		{ECAB906B-C983-48EF-8512-47CF1980F927}.Debug|Any CPU.Build.0 = Debug|Any CPU
		{ECAB906B-C983-48EF-8512-47CF1980F927}.Release|Any CPU.ActiveCfg = Release|Any CPU
		{ECAB906B-C983-48EF-8512-47CF1980F927}.Release|Any CPU.Build.0 = Release|Any CPU
	EndGlobalSection
	GlobalSection(SolutionProperties) = preSolution
		HideSolutionNode = FALSE
	EndGlobalSection
	GlobalSection(ExtensibilityGlobals) = postSolution
		SolutionGuid = {27C51E69-47F0-4050-BF6B-B65F6D31484B}
	EndGlobalSection
EndGlobal
